
Microsoft Visual Studio Solution File, Format Version 12.00
# Visual Studio Version 16
VisualStudioVersion = 16.0.29926.136
MinimumVisualStudioVersion = 10.0.40219.1
Project("{9A19103F-16F7-4668-BE54-9A1E7A4F7556}") = "MMWorkspaceAPI", "MMWorkspaceAPI.csproj", "{FC69B287-BA76-4CF7-8BAF-420A17BD1253}"
EndProject
Global
	GlobalSection(SolutionConfigurationPlatforms) = preSolution
		Debug|Any CPU = Debug|Any CPU
		Release|Any CPU = Release|Any CPU
	EndGlobalSection
	GlobalSection(ProjectConfigurationPlatforms) = postSolution
		{FC69B287-BA76-4CF7-8BAF-420A17BD1253}.Debug|Any CPU.ActiveCfg = Debug|Any CPU
		{FC69B287-BA76-4CF7-8BAF-420A17BD1253}.Debug|Any CPU.Build.0 = Debug|Any CPU
		{FC69B287-BA76-4CF7-8BAF-420A17BD1253}.Release|Any CPU.ActiveCfg = Release|Any CPU
		{FC69B287-BA76-4CF7-8BAF-420A17BD1253}.Release|Any CPU.Build.0 = Release|Any CPU
	EndGlobalSection
	GlobalSection(SolutionProperties) = preSolution
		HideSolutionNode = FALSE
	EndGlobalSection
	GlobalSection(ExtensibilityGlobals) = postSolution
		SolutionGuid = {6CE66317-D115-4BA7-B987-0899F8A4D9BA}
	EndGlobalSection
EndGlobal
